
Microsoft Visual Studio Solution File, Format Version 12.00
# Visual Studio Version 17
VisualStudioVersion = 17.6.33815.320
MinimumVisualStudioVersion = 10.0.40219.1
Project("{9A19103F-16F7-4668-BE54-9A1E7A4F7556}") = "Task1", "Task1.csproj", "{DADCA1D8-F4DC-40CF-91AD-E3C3D5850F45}"
EndProject
Project("{9A19103F-16F7-4668-BE54-9A1E7A4F7556}") = "Task3", "..\taskoop\Task3.csproj", "{9705326D-C610-4181-8A81-6FBC4CF061C3}"
EndProject
Global
	GlobalSection(SolutionConfigurationPlatforms) = preSolution
		Debug|Any CPU = Debug|Any CPU
		Release|Any CPU = Release|Any CPU
	EndGlobalSection
	GlobalSection(ProjectConfigurationPlatforms) = postSolution
		{DADCA1D8-F4DC-40CF-91AD-E3C3D5850F45}.Debug|Any CPU.ActiveCfg = Debug|Any CPU
		{DADCA1D8-F4DC-40CF-91AD-E3C3D5850F45}.Debug|Any CPU.Build.0 = Debug|Any CPU
		{DADCA1D8-F4DC-40CF-91AD-E3C3D5850F45}.Release|Any CPU.ActiveCfg = Release|Any CPU
		{DADCA1D8-F4DC-40CF-91AD-E3C3D5850F45}.Release|Any CPU.Build.0 = Release|Any CPU
		{9705326D-C610-4181-8A81-6FBC4CF061C3}.Debug|Any CPU.ActiveCfg = Debug|Any CPU
		{9705326D-C610-4181-8A81-6FBC4CF061C3}.Debug|Any CPU.Build.0 = Debug|Any CPU
		{9705326D-C610-4181-8A81-6FBC4CF061C3}.Release|Any CPU.ActiveCfg = Release|Any CPU
		{9705326D-C610-4181-8A81-6FBC4CF061C3}.Release|Any CPU.Build.0 = Release|Any CPU
	EndGlobalSection
	GlobalSection(SolutionProperties) = preSolution
		HideSolutionNode = FALSE
	EndGlobalSection
	GlobalSection(ExtensibilityGlobals) = postSolution
		SolutionGuid = {B8572B6C-FDD6-46D1-97BA-1FD9FCE86873}
	EndGlobalSection
EndGlobal
